
Microsoft Visual Studio Solution File, Format Version 12.00
# Visual Studio Version 17
VisualStudioVersion = 17.9.34622.214
MinimumVisualStudioVersion = 10.0.40219.1
Project("{FAE04EC0-301F-11D3-BF4B-00C04F79EFBC}") = "JorgeAguilar2", "JorgeAguilar2\JorgeAguilar2.csproj", "{6EF81392-E373-4580-B811-9624A3C3D0F1}"
EndProject
Global
	GlobalSection(SolutionConfigurationPlatforms) = preSolution
		Debug|Any CPU = Debug|Any CPU
		Release|Any CPU = Release|Any CPU
	EndGlobalSection
	GlobalSection(ProjectConfigurationPlatforms) = postSolution
		{6EF81392-E373-4580-B811-9624A3C3D0F1}.Debug|Any CPU.ActiveCfg = Debug|Any CPU
		{6EF81392-E373-4580-B811-9624A3C3D0F1}.Debug|Any CPU.Build.0 = Debug|Any CPU
		{6EF81392-E373-4580-B811-9624A3C3D0F1}.Release|Any CPU.ActiveCfg = Release|Any CPU
		{6EF81392-E373-4580-B811-9624A3C3D0F1}.Release|Any CPU.Build.0 = Release|Any CPU
	EndGlobalSection
	GlobalSection(SolutionProperties) = preSolution
		HideSolutionNode = FALSE
	EndGlobalSection
	GlobalSection(ExtensibilityGlobals) = postSolution
		SolutionGuid = {6BD88A64-A656-4BA6-AAB8-E172A3BE693F}
	EndGlobalSection
EndGlobal
